// !$*UTF8*$!
{
	archiveVersion = 1;
	classes = {
	};
	objectVersion = 48;
	objects = {

/* Begin PBXBuildFile section */
		117360C920DD51B100BA156C /* AppDelegate.swift in Sources */ = {isa = PBXBuildFile; fileRef = 117360C820DD51B100BA156C /* AppDelegate.swift */; };
		117360CB20DD51B100BA156C /* ViewController.swift in Sources */ = {isa = PBXBuildFile; fileRef = 117360CA20DD51B100BA156C /* ViewController.swift */; };
		117360CE20DD51B100BA156C /* Main.storyboard in Resources */ = {isa = PBXBuildFile; fileRef = 117360CC20DD51B100BA156C /* Main.storyboard */; };
		117360D020DD51B100BA156C /* Assets.xcassets in Resources */ = {isa = PBXBuildFile; fileRef = 117360CF20DD51B100BA156C /* Assets.xcassets */; };
		117360D320DD51B100BA156C /* LaunchScreen.storyboard in Resources */ = {isa = PBXBuildFile; fileRef = 117360D120DD51B100BA156C /* LaunchScreen.storyboard */; };
		117360DE20DD51B100BA156C /* ProStudioUITests.swift in Sources */ = {isa = PBXBuildFile; fileRef = 117360DD20DD51B100BA156C /* ProStudioUITests.swift */; };
		447764BB21571A3100ACBE09 /* FBAuthentication.swift in Sources */ = {isa = PBXBuildFile; fileRef = 447764B821571A3100ACBE09 /* FBAuthentication.swift */; };
		447764BC21571A3100ACBE09 /* FBUserModel.swift in Sources */ = {isa = PBXBuildFile; fileRef = 447764B921571A3100ACBE09 /* FBUserModel.swift */; };
		447764BD21571A3100ACBE09 /* FBReference.swift in Sources */ = {isa = PBXBuildFile; fileRef = 447764BA21571A3100ACBE09 /* FBReference.swift */; };
		447764C12157208400ACBE09 /* GoogleService-Info.plist in Resources */ = {isa = PBXBuildFile; fileRef = 447764C02157208400ACBE09 /* GoogleService-Info.plist */; };
		4483288A2157277900BF4352 /* FBMessageModel.swift in Sources */ = {isa = PBXBuildFile; fileRef = 448328892157277900BF4352 /* FBMessageModel.swift */; };
		4483288C215727FF00BF4352 /* FBChatService.swift in Sources */ = {isa = PBXBuildFile; fileRef = 4483288B215727FF00BF4352 /* FBChatService.swift */; };
		7CCE13E220F16D9200E268F3 /* Sinder.swift in Sources */ = {isa = PBXBuildFile; fileRef = 7CCE13E120F16D9200E268F3 /* Sinder.swift */; };
		7CCE13E720F16DB700E268F3 /* PSCircularViewConfiguration.swift in Sources */ = {isa = PBXBuildFile; fileRef = 7CCE13E520F16DB700E268F3 /* PSCircularViewConfiguration.swift */; };
		7CCE13E820F16DB700E268F3 /* PSCircularView.swift in Sources */ = {isa = PBXBuildFile; fileRef = 7CCE13E620F16DB700E268F3 /* PSCircularView.swift */; };
		7CCE13EB20F16F4000E268F3 /* CircleTest.storyboard in Resources */ = {isa = PBXBuildFile; fileRef = 7CCE13EA20F16F4000E268F3 /* CircleTest.storyboard */; };
		7CCE13EF20F16FBD00E268F3 /* CircleTestViewController.swift in Sources */ = {isa = PBXBuildFile; fileRef = 7CCE13EE20F16FBD00E268F3 /* CircleTestViewController.swift */; };
		C0AAFADCEFDFFC99D8F9DDF0 /* Pods_ProStudio.framework in Frameworks */ = {isa = PBXBuildFile; fileRef = 09E8009C2DF02019A8BBF90E /* Pods_ProStudio.framework */; };
/* End PBXBuildFile section */

/* Begin PBXContainerItemProxy section */
		117360DA20DD51B100BA156C /* PBXContainerItemProxy */ = {
			isa = PBXContainerItemProxy;
			containerPortal = 117360BD20DD51B100BA156C /* Project object */;
			proxyType = 1;
			remoteGlobalIDString = 117360C420DD51B100BA156C;
			remoteInfo = ProStudio;
		};
/* End PBXContainerItemProxy section */

/* Begin PBXFileReference section */
		09E8009C2DF02019A8BBF90E /* Pods_ProStudio.framework */ = {isa = PBXFileReference; explicitFileType = wrapper.framework; includeInIndex = 0; path = Pods_ProStudio.framework; sourceTree = BUILT_PRODUCTS_DIR; };
		117360C520DD51B100BA156C /* ProStudio.app */ = {isa = PBXFileReference; explicitFileType = wrapper.application; includeInIndex = 0; path = ProStudio.app; sourceTree = BUILT_PRODUCTS_DIR; };
		117360C820DD51B100BA156C /* AppDelegate.swift */ = {isa = PBXFileReference; lastKnownFileType = sourcecode.swift; path = AppDelegate.swift; sourceTree = "<group>"; };
		117360CA20DD51B100BA156C /* ViewController.swift */ = {isa = PBXFileReference; lastKnownFileType = sourcecode.swift; path = ViewController.swift; sourceTree = "<group>"; };
		117360CD20DD51B100BA156C /* Base */ = {isa = PBXFileReference; lastKnownFileType = file.storyboard; name = Base; path = Base.lproj/Main.storyboard; sourceTree = "<group>"; };
		117360CF20DD51B100BA156C /* Assets.xcassets */ = {isa = PBXFileReference; lastKnownFileType = folder.assetcatalog; path = Assets.xcassets; sourceTree = "<group>"; };
		117360D220DD51B100BA156C /* Base */ = {isa = PBXFileReference; lastKnownFileType = file.storyboard; name = Base; path = Base.lproj/LaunchScreen.storyboard; sourceTree = "<group>"; };
		117360D420DD51B100BA156C /* Info.plist */ = {isa = PBXFileReference; lastKnownFileType = text.plist.xml; path = Info.plist; sourceTree = "<group>"; };
		117360D920DD51B100BA156C /* ProStudioUITests.xctest */ = {isa = PBXFileReference; explicitFileType = wrapper.cfbundle; includeInIndex = 0; path = ProStudioUITests.xctest; sourceTree = BUILT_PRODUCTS_DIR; };
		117360DD20DD51B100BA156C /* ProStudioUITests.swift */ = {isa = PBXFileReference; lastKnownFileType = sourcecode.swift; path = ProStudioUITests.swift; sourceTree = "<group>"; };
		117360DF20DD51B100BA156C /* Info.plist */ = {isa = PBXFileReference; lastKnownFileType = text.plist.xml; path = Info.plist; sourceTree = "<group>"; };
		447764B821571A3100ACBE09 /* FBAuthentication.swift */ = {isa = PBXFileReference; fileEncoding = 4; lastKnownFileType = sourcecode.swift; path = FBAuthentication.swift; sourceTree = "<group>"; };
		447764B921571A3100ACBE09 /* FBUserModel.swift */ = {isa = PBXFileReference; fileEncoding = 4; lastKnownFileType = sourcecode.swift; path = FBUserModel.swift; sourceTree = "<group>"; };
		447764BA21571A3100ACBE09 /* FBReference.swift */ = {isa = PBXFileReference; fileEncoding = 4; lastKnownFileType = sourcecode.swift; path = FBReference.swift; sourceTree = "<group>"; };
		447764C02157208400ACBE09 /* GoogleService-Info.plist */ = {isa = PBXFileReference; fileEncoding = 4; lastKnownFileType = text.plist.xml; name = "GoogleService-Info.plist"; path = "ProStudio/GoogleService-Info.plist"; sourceTree = SOURCE_ROOT; };
		448328892157277900BF4352 /* FBMessageModel.swift */ = {isa = PBXFileReference; lastKnownFileType = sourcecode.swift; path = FBMessageModel.swift; sourceTree = "<group>"; };
		4483288B215727FF00BF4352 /* FBChatService.swift */ = {isa = PBXFileReference; lastKnownFileType = sourcecode.swift; path = FBChatService.swift; sourceTree = "<group>"; };
		6DFD826295092EA0BFE38828 /* Pods-ProStudio.debug.xcconfig */ = {isa = PBXFileReference; includeInIndex = 1; lastKnownFileType = text.xcconfig; name = "Pods-ProStudio.debug.xcconfig"; path = "Pods/Target Support Files/Pods-ProStudio/Pods-ProStudio.debug.xcconfig"; sourceTree = "<group>"; };
		7CCE13E120F16D9200E268F3 /* Sinder.swift */ = {isa = PBXFileReference; fileEncoding = 4; lastKnownFileType = sourcecode.swift; path = Sinder.swift; sourceTree = "<group>"; };
		7CCE13E520F16DB700E268F3 /* PSCircularViewConfiguration.swift */ = {isa = PBXFileReference; fileEncoding = 4; lastKnownFileType = sourcecode.swift; path = PSCircularViewConfiguration.swift; sourceTree = "<group>"; };
		7CCE13E620F16DB700E268F3 /* PSCircularView.swift */ = {isa = PBXFileReference; fileEncoding = 4; lastKnownFileType = sourcecode.swift; path = PSCircularView.swift; sourceTree = "<group>"; };
		7CCE13EA20F16F4000E268F3 /* CircleTest.storyboard */ = {isa = PBXFileReference; lastKnownFileType = file.storyboard; path = CircleTest.storyboard; sourceTree = "<group>"; };
		7CCE13EE20F16FBD00E268F3 /* CircleTestViewController.swift */ = {isa = PBXFileReference; lastKnownFileType = sourcecode.swift; path = CircleTestViewController.swift; sourceTree = "<group>"; };
		BEF97739B9CBC7DC8B13DF69 /* Pods-ProStudio.release.xcconfig */ = {isa = PBXFileReference; includeInIndex = 1; lastKnownFileType = text.xcconfig; name = "Pods-ProStudio.release.xcconfig"; path = "Pods/Target Support Files/Pods-ProStudio/Pods-ProStudio.release.xcconfig"; sourceTree = "<group>"; };
/* End PBXFileReference section */

/* Begin PBXFrameworksBuildPhase section */
		117360C220DD51B100BA156C /* Frameworks */ = {
			isa = PBXFrameworksBuildPhase;
			buildActionMask = 2147483647;
			files = (
				C0AAFADCEFDFFC99D8F9DDF0 /* Pods_ProStudio.framework in Frameworks */,
			);
			runOnlyForDeploymentPostprocessing = 0;
		};
		117360D620DD51B100BA156C /* Frameworks */ = {
			isa = PBXFrameworksBuildPhase;
			buildActionMask = 2147483647;
			files = (
			);
			runOnlyForDeploymentPostprocessing = 0;
		};
/* End PBXFrameworksBuildPhase section */

/* Begin PBXGroup section */
		117360BC20DD51B100BA156C = {
			isa = PBXGroup;
			children = (
				117360C720DD51B100BA156C /* ProStudio */,
				117360DC20DD51B100BA156C /* ProStudioUITests */,
				117360C620DD51B100BA156C /* Products */,
				7B3926793BBB6BCB54E01841 /* Pods */,
				67EFB22641E5760234A550AB /* Frameworks */,
			);
			sourceTree = "<group>";
		};
		117360C620DD51B100BA156C /* Products */ = {
			isa = PBXGroup;
			children = (
				117360C520DD51B100BA156C /* ProStudio.app */,
				117360D920DD51B100BA156C /* ProStudioUITests.xctest */,
			);
			name = Products;
			sourceTree = "<group>";
		};
		117360C720DD51B100BA156C /* ProStudio */ = {
			isa = PBXGroup;
			children = (
				7CCE13ED20F16F9900E268F3 /* Classes */,
				7CCE13EA20F16F4000E268F3 /* CircleTest.storyboard */,
				117360CC20DD51B100BA156C /* Main.storyboard */,
				117360CF20DD51B100BA156C /* Assets.xcassets */,
				117360D120DD51B100BA156C /* LaunchScreen.storyboard */,
				447764C02157208400ACBE09 /* GoogleService-Info.plist */,
				117360D420DD51B100BA156C /* Info.plist */,
			);
			path = ProStudio;
			sourceTree = "<group>";
		};
		117360DC20DD51B100BA156C /* ProStudioUITests */ = {
			isa = PBXGroup;
			children = (
				117360DD20DD51B100BA156C /* ProStudioUITests.swift */,
				117360DF20DD51B100BA156C /* Info.plist */,
			);
			path = ProStudioUITests;
			sourceTree = "<group>";
		};
		447764B72157170C00ACBE09 /* FirebaseService */ = {
			isa = PBXGroup;
			children = (
				448328882157276000BF4352 /* Models */,
				447764B821571A3100ACBE09 /* FBAuthentication.swift */,
				447764BA21571A3100ACBE09 /* FBReference.swift */,
				4483288B215727FF00BF4352 /* FBChatService.swift */,
			);
			path = FirebaseService;
			sourceTree = "<group>";
		};
		448328882157276000BF4352 /* Models */ = {
			isa = PBXGroup;
			children = (
				447764B921571A3100ACBE09 /* FBUserModel.swift */,
				448328892157277900BF4352 /* FBMessageModel.swift */,
			);
			path = Models;
			sourceTree = "<group>";
		};
		67EFB22641E5760234A550AB /* Frameworks */ = {
			isa = PBXGroup;
			children = (
				09E8009C2DF02019A8BBF90E /* Pods_ProStudio.framework */,
			);
			name = Frameworks;
			sourceTree = "<group>";
		};
		7B3926793BBB6BCB54E01841 /* Pods */ = {
			isa = PBXGroup;
			children = (
				6DFD826295092EA0BFE38828 /* Pods-ProStudio.debug.xcconfig */,
				BEF97739B9CBC7DC8B13DF69 /* Pods-ProStudio.release.xcconfig */,
			);
			name = Pods;
			sourceTree = "<group>";
		};
		7CCE13E320F16D9700E268F3 /* Help Files */ = {
			isa = PBXGroup;
			children = (
				7CCE13E120F16D9200E268F3 /* Sinder.swift */,
			);
			path = "Help Files";
			sourceTree = "<group>";
		};
		7CCE13E420F16DB700E268F3 /* PSCircularView */ = {
			isa = PBXGroup;
			children = (
				7CCE13E520F16DB700E268F3 /* PSCircularViewConfiguration.swift */,
				7CCE13E620F16DB700E268F3 /* PSCircularView.swift */,
			);
			path = PSCircularView;
			sourceTree = "<group>";
		};
		7CCE13E920F16DC000E268F3 /* Custom Elements */ = {
			isa = PBXGroup;
			children = (
				7CCE13E420F16DB700E268F3 /* PSCircularView */,
			);
			path = "Custom Elements";
			sourceTree = "<group>";
		};
		7CCE13EC20F16F8C00E268F3 /* View Controllers */ = {
			isa = PBXGroup;
			children = (
				117360CA20DD51B100BA156C /* ViewController.swift */,
				7CCE13EE20F16FBD00E268F3 /* CircleTestViewController.swift */,
			);
			path = "View Controllers";
			sourceTree = "<group>";
		};
		7CCE13ED20F16F9900E268F3 /* Classes */ = {
			isa = PBXGroup;
			children = (
				447764B72157170C00ACBE09 /* FirebaseService */,
				117360C820DD51B100BA156C /* AppDelegate.swift */,
				7CCE13E320F16D9700E268F3 /* Help Files */,
				7CCE13E920F16DC000E268F3 /* Custom Elements */,
				7CCE13EC20F16F8C00E268F3 /* View Controllers */,
			);
			path = Classes;
			sourceTree = "<group>";
		};
/* End PBXGroup section */

/* Begin PBXNativeTarget section */
		117360C420DD51B100BA156C /* ProStudio */ = {
			isa = PBXNativeTarget;
			buildConfigurationList = 117360E220DD51B100BA156C /* Build configuration list for PBXNativeTarget "ProStudio" */;
			buildPhases = (
				BC513231D5776F64B2B73B99 /* [CP] Check Pods Manifest.lock */,
				117360C120DD51B100BA156C /* Sources */,
				117360C220DD51B100BA156C /* Frameworks */,
				117360C320DD51B100BA156C /* Resources */,
				6667FE89C55828B225E478C7 /* [CP] Embed Pods Frameworks */,
				0DFB941AFC0D80D4D7A68384 /* [CP] Copy Pods Resources */,
			);
			buildRules = (
			);
			dependencies = (
			);
			name = ProStudio;
			productName = ProStudio;
			productReference = 117360C520DD51B100BA156C /* ProStudio.app */;
			productType = "com.apple.product-type.application";
		};
		117360D820DD51B100BA156C /* ProStudioUITests */ = {
			isa = PBXNativeTarget;
			buildConfigurationList = 117360E520DD51B100BA156C /* Build configuration list for PBXNativeTarget "ProStudioUITests" */;
			buildPhases = (
				117360D520DD51B100BA156C /* Sources */,
				117360D620DD51B100BA156C /* Frameworks */,
				117360D720DD51B100BA156C /* Resources */,
			);
			buildRules = (
			);
			dependencies = (
				117360DB20DD51B100BA156C /* PBXTargetDependency */,
			);
			name = ProStudioUITests;
			productName = ProStudioUITests;
			productReference = 117360D920DD51B100BA156C /* ProStudioUITests.xctest */;
			productType = "com.apple.product-type.bundle.ui-testing";
		};
/* End PBXNativeTarget section */

/* Begin PBXProject section */
		117360BD20DD51B100BA156C /* Project object */ = {
			isa = PBXProject;
			attributes = {
				LastSwiftUpdateCheck = 0900;
				LastUpgradeCheck = 0900;
				ORGANIZATIONNAME = Nikita;
				TargetAttributes = {
					117360C420DD51B100BA156C = {
						CreatedOnToolsVersion = 9.0;
						ProvisioningStyle = Manual;
					};
					117360D820DD51B100BA156C = {
						CreatedOnToolsVersion = 9.0;
						ProvisioningStyle = Automatic;
						TestTargetID = 117360C420DD51B100BA156C;
					};
				};
			};
			buildConfigurationList = 117360C020DD51B100BA156C /* Build configuration list for PBXProject "ProStudio" */;
			compatibilityVersion = "Xcode 8.0";
			developmentRegion = en;
			hasScannedForEncodings = 0;
			knownRegions = (
				en,
				Base,
			);
			mainGroup = 117360BC20DD51B100BA156C;
			productRefGroup = 117360C620DD51B100BA156C /* Products */;
			projectDirPath = "";
			projectRoot = "";
			targets = (
				117360C420DD51B100BA156C /* ProStudio */,
				117360D820DD51B100BA156C /* ProStudioUITests */,
			);
		};
/* End PBXProject section */

/* Begin PBXResourcesBuildPhase section */
		117360C320DD51B100BA156C /* Resources */ = {
			isa = PBXResourcesBuildPhase;
			buildActionMask = 2147483647;
			files = (
				117360D320DD51B100BA156C /* LaunchScreen.storyboard in Resources */,
				117360D020DD51B100BA156C /* Assets.xcassets in Resources */,
				447764C12157208400ACBE09 /* GoogleService-Info.plist in Resources */,
				7CCE13EB20F16F4000E268F3 /* CircleTest.storyboard in Resources */,
				117360CE20DD51B100BA156C /* Main.storyboard in Resources */,
			);
			runOnlyForDeploymentPostprocessing = 0;
		};
		117360D720DD51B100BA156C /* Resources */ = {
			isa = PBXResourcesBuildPhase;
			buildActionMask = 2147483647;
			files = (
			);
			runOnlyForDeploymentPostprocessing = 0;
		};
/* End PBXResourcesBuildPhase section */

/* Begin PBXShellScriptBuildPhase section */
		0DFB941AFC0D80D4D7A68384 /* [CP] Copy Pods Resources */ = {
			isa = PBXShellScriptBuildPhase;
			buildActionMask = 2147483647;
			files = (
			);
			inputPaths = (
				"${SRCROOT}/Pods/Target Support Files/Pods-ProStudio/Pods-ProStudio-resources.sh",
				"${PODS_ROOT}/FirebaseInvites/Resources/GINInviteResources.bundle",
				"${PODS_ROOT}/FirebaseInvites/Resources/GPPACLPickerResources.bundle",
				"${PODS_ROOT}/GoogleSignIn/Resources/GoogleSignIn.bundle",
			);
			name = "[CP] Copy Pods Resources";
			outputPaths = (
				"${TARGET_BUILD_DIR}/${UNLOCALIZED_RESOURCES_FOLDER_PATH}/GINInviteResources.bundle",
				"${TARGET_BUILD_DIR}/${UNLOCALIZED_RESOURCES_FOLDER_PATH}/GPPACLPickerResources.bundle",
				"${TARGET_BUILD_DIR}/${UNLOCALIZED_RESOURCES_FOLDER_PATH}/GoogleSignIn.bundle",
			);
			runOnlyForDeploymentPostprocessing = 0;
			shellPath = /bin/sh;
			shellScript = "\"${SRCROOT}/Pods/Target Support Files/Pods-ProStudio/Pods-ProStudio-resources.sh\"\n";
			showEnvVarsInLog = 0;
		};
		6667FE89C55828B225E478C7 /* [CP] Embed Pods Frameworks */ = {
			isa = PBXShellScriptBuildPhase;
			buildActionMask = 2147483647;
			files = (
			);
			inputPaths = (
				"${SRCROOT}/Pods/Target Support Files/Pods-ProStudio/Pods-ProStudio-frameworks.sh",
				"${BUILT_PRODUCTS_DIR}/GTMOAuth2/GTMOAuth2.framework",
				"${BUILT_PRODUCTS_DIR}/GTMSessionFetcher/GTMSessionFetcher.framework",
				"${BUILT_PRODUCTS_DIR}/GoogleAPIClientForREST/GoogleAPIClientForREST.framework",
				"${BUILT_PRODUCTS_DIR}/GoogleToolboxForMac/GoogleToolboxForMac.framework",
				"${BUILT_PRODUCTS_DIR}/Protobuf/Protobuf.framework",
				"${BUILT_PRODUCTS_DIR}/SwiftyJSON/SwiftyJSON.framework",
				"${BUILT_PRODUCTS_DIR}/leveldb-library/leveldb.framework",
				"${BUILT_PRODUCTS_DIR}/nanopb/nanopb.framework",
			);
			name = "[CP] Embed Pods Frameworks";
			outputPaths = (
				"${TARGET_BUILD_DIR}/${FRAMEWORKS_FOLDER_PATH}/GTMOAuth2.framework",
				"${TARGET_BUILD_DIR}/${FRAMEWORKS_FOLDER_PATH}/GTMSessionFetcher.framework",
				"${TARGET_BUILD_DIR}/${FRAMEWORKS_FOLDER_PATH}/GoogleAPIClientForREST.framework",
				"${TARGET_BUILD_DIR}/${FRAMEWORKS_FOLDER_PATH}/GoogleToolboxForMac.framework",
				"${TARGET_BUILD_DIR}/${FRAMEWORKS_FOLDER_PATH}/Protobuf.framework",
				"${TARGET_BUILD_DIR}/${FRAMEWORKS_FOLDER_PATH}/SwiftyJSON.framework",
				"${TARGET_BUILD_DIR}/${FRAMEWORKS_FOLDER_PATH}/leveldb.framework",
				"${TARGET_BUILD_DIR}/${FRAMEWORKS_FOLDER_PATH}/nanopb.framework",
			);
			runOnlyForDeploymentPostprocessing = 0;
			shellPath = /bin/sh;
			shellScript = "\"${SRCROOT}/Pods/Target Support Files/Pods-ProStudio/Pods-ProStudio-frameworks.sh\"\n";
			showEnvVarsInLog = 0;
		};
		BC513231D5776F64B2B73B99 /* [CP] Check Pods Manifest.lock */ = {
			isa = PBXShellScriptBuildPhase;
			buildActionMask = 2147483647;
			files = (
			);
			inputPaths = (
				"${PODS_PODFILE_DIR_PATH}/Podfile.lock",
				"${PODS_ROOT}/Manifest.lock",
			);
			name = "[CP] Check Pods Manifest.lock";
			outputPaths = (
				"$(DERIVED_FILE_DIR)/Pods-ProStudio-checkManifestLockResult.txt",
			);
			runOnlyForDeploymentPostprocessing = 0;
			shellPath = /bin/sh;
			shellScript = "diff \"${PODS_PODFILE_DIR_PATH}/Podfile.lock\" \"${PODS_ROOT}/Manifest.lock\" > /dev/null\nif [ $? != 0 ] ; then\n    # print error to STDERR\n    echo \"error: The sandbox is not in sync with the Podfile.lock. Run 'pod install' or update your CocoaPods installation.\" >&2\n    exit 1\nfi\n# This output is used by Xcode 'outputs' to avoid re-running this script phase.\necho \"SUCCESS\" > \"${SCRIPT_OUTPUT_FILE_0}\"\n";
			showEnvVarsInLog = 0;
		};
/* End PBXShellScriptBuildPhase section */

/* Begin PBXSourcesBuildPhase section */
		117360C120DD51B100BA156C /* Sources */ = {
			isa = PBXSourcesBuildPhase;
			buildActionMask = 2147483647;
			files = (
				447764BD21571A3100ACBE09 /* FBReference.swift in Sources */,
				4483288C215727FF00BF4352 /* FBChatService.swift in Sources */,
				7CCE13E820F16DB700E268F3 /* PSCircularView.swift in Sources */,
				117360CB20DD51B100BA156C /* ViewController.swift in Sources */,
				7CCE13E720F16DB700E268F3 /* PSCircularViewConfiguration.swift in Sources */,
				7CCE13E220F16D9200E268F3 /* Sinder.swift in Sources */,
				447764BB21571A3100ACBE09 /* FBAuthentication.swift in Sources */,
				7CCE13EF20F16FBD00E268F3 /* CircleTestViewController.swift in Sources */,
				4483288A2157277900BF4352 /* FBMessageModel.swift in Sources */,
				447764BC21571A3100ACBE09 /* FBUserModel.swift in Sources */,
				117360C920DD51B100BA156C /* AppDelegate.swift in Sources */,
			);
			runOnlyForDeploymentPostprocessing = 0;
		};
		117360D520DD51B100BA156C /* Sources */ = {
			isa = PBXSourcesBuildPhase;
			buildActionMask = 2147483647;
			files = (
				117360DE20DD51B100BA156C /* ProStudioUITests.swift in Sources */,
			);
			runOnlyForDeploymentPostprocessing = 0;
		};
/* End PBXSourcesBuildPhase section */

/* Begin PBXTargetDependency section */
		117360DB20DD51B100BA156C /* PBXTargetDependency */ = {
			isa = PBXTargetDependency;
			target = 117360C420DD51B100BA156C /* ProStudio */;
			targetProxy = 117360DA20DD51B100BA156C /* PBXContainerItemProxy */;
		};
/* End PBXTargetDependency section */

/* Begin PBXVariantGroup section */
		117360CC20DD51B100BA156C /* Main.storyboard */ = {
			isa = PBXVariantGroup;
			children = (
				117360CD20DD51B100BA156C /* Base */,
			);
			name = Main.storyboard;
			sourceTree = "<group>";
		};
		117360D120DD51B100BA156C /* LaunchScreen.storyboard */ = {
			isa = PBXVariantGroup;
			children = (
				117360D220DD51B100BA156C /* Base */,
			);
			name = LaunchScreen.storyboard;
			sourceTree = "<group>";
		};
/* End PBXVariantGroup section */

/* Begin XCBuildConfiguration section */
		117360E020DD51B100BA156C /* Debug */ = {
			isa = XCBuildConfiguration;
			buildSettings = {
				ALWAYS_SEARCH_USER_PATHS = NO;
				CLANG_ANALYZER_NONNULL = YES;
				CLANG_ANALYZER_NUMBER_OBJECT_CONVERSION = YES_AGGRESSIVE;
				CLANG_CXX_LANGUAGE_STANDARD = "gnu++14";
				CLANG_CXX_LIBRARY = "libc++";
				CLANG_ENABLE_MODULES = YES;
				CLANG_ENABLE_OBJC_ARC = YES;
				CLANG_WARN_BLOCK_CAPTURE_AUTORELEASING = YES;
				CLANG_WARN_BOOL_CONVERSION = YES;
				CLANG_WARN_COMMA = YES;
				CLANG_WARN_CONSTANT_CONVERSION = YES;
				CLANG_WARN_DIRECT_OBJC_ISA_USAGE = YES_ERROR;
				CLANG_WARN_DOCUMENTATION_COMMENTS = YES;
				CLANG_WARN_EMPTY_BODY = YES;
				CLANG_WARN_ENUM_CONVERSION = YES;
				CLANG_WARN_INFINITE_RECURSION = YES;
				CLANG_WARN_INT_CONVERSION = YES;
				CLANG_WARN_NON_LITERAL_NULL_CONVERSION = YES;
				CLANG_WARN_OBJC_LITERAL_CONVERSION = YES;
				CLANG_WARN_OBJC_ROOT_CLASS = YES_ERROR;
				CLANG_WARN_RANGE_LOOP_ANALYSIS = YES;
				CLANG_WARN_STRICT_PROTOTYPES = YES;
				CLANG_WARN_SUSPICIOUS_MOVE = YES;
				CLANG_WARN_UNGUARDED_AVAILABILITY = YES_AGGRESSIVE;
				CLANG_WARN_UNREACHABLE_CODE = YES;
				CLANG_WARN__DUPLICATE_METHOD_MATCH = YES;
				CODE_SIGN_IDENTITY = "iPhone Developer";
				COPY_PHASE_STRIP = NO;
				DEBUG_INFORMATION_FORMAT = dwarf;
				ENABLE_STRICT_OBJC_MSGSEND = YES;
				ENABLE_TESTABILITY = YES;
				GCC_C_LANGUAGE_STANDARD = gnu11;
				GCC_DYNAMIC_NO_PIC = NO;
				GCC_NO_COMMON_BLOCKS = YES;
				GCC_OPTIMIZATION_LEVEL = 0;
				GCC_PREPROCESSOR_DEFINITIONS = (
					"DEBUG=1",
					"$(inherited)",
				);
				GCC_WARN_64_TO_32_BIT_CONVERSION = YES;
				GCC_WARN_ABOUT_RETURN_TYPE = YES_ERROR;
				GCC_WARN_UNDECLARED_SELECTOR = YES;
				GCC_WARN_UNINITIALIZED_AUTOS = YES_AGGRESSIVE;
				GCC_WARN_UNUSED_FUNCTION = YES;
				GCC_WARN_UNUSED_VARIABLE = YES;
				IPHONEOS_DEPLOYMENT_TARGET = 11.0;
				MTL_ENABLE_DEBUG_INFO = YES;
				ONLY_ACTIVE_ARCH = YES;
				SDKROOT = iphoneos;
				SWIFT_ACTIVE_COMPILATION_CONDITIONS = DEBUG;
				SWIFT_OPTIMIZATION_LEVEL = "-Onone";
			};
			name = Debug;
		};
		117360E120DD51B100BA156C /* Release */ = {
			isa = XCBuildConfiguration;
			buildSettings = {
				ALWAYS_SEARCH_USER_PATHS = NO;
				CLANG_ANALYZER_NONNULL = YES;
				CLANG_ANALYZER_NUMBER_OBJECT_CONVERSION = YES_AGGRESSIVE;
				CLANG_CXX_LANGUAGE_STANDARD = "gnu++14";
				CLANG_CXX_LIBRARY = "libc++";
				CLANG_ENABLE_MODULES = YES;
				CLANG_ENABLE_OBJC_ARC = YES;
				CLANG_WARN_BLOCK_CAPTURE_AUTORELEASING = YES;
				CLANG_WARN_BOOL_CONVERSION = YES;
				CLANG_WARN_COMMA = YES;
				CLANG_WARN_CONSTANT_CONVERSION = YES;
				CLANG_WARN_DIRECT_OBJC_ISA_USAGE = YES_ERROR;
				CLANG_WARN_DOCUMENTATION_COMMENTS = YES;
				CLANG_WARN_EMPTY_BODY = YES;
				CLANG_WARN_ENUM_CONVERSION = YES;
				CLANG_WARN_INFINITE_RECURSION = YES;
				CLANG_WARN_INT_CONVERSION = YES;
				CLANG_WARN_NON_LITERAL_NULL_CONVERSION = YES;
				CLANG_WARN_OBJC_LITERAL_CONVERSION = YES;
				CLANG_WARN_OBJC_ROOT_CLASS = YES_ERROR;
				CLANG_WARN_RANGE_LOOP_ANALYSIS = YES;
				CLANG_WARN_STRICT_PROTOTYPES = YES;
				CLANG_WARN_SUSPICIOUS_MOVE = YES;
				CLANG_WARN_UNGUARDED_AVAILABILITY = YES_AGGRESSIVE;
				CLANG_WARN_UNREACHABLE_CODE = YES;
				CLANG_WARN__DUPLICATE_METHOD_MATCH = YES;
				CODE_SIGN_IDENTITY = "iPhone Developer";
				COPY_PHASE_STRIP = NO;
				DEBUG_INFORMATION_FORMAT = "dwarf-with-dsym";
				ENABLE_NS_ASSERTIONS = NO;
				ENABLE_STRICT_OBJC_MSGSEND = YES;
				GCC_C_LANGUAGE_STANDARD = gnu11;
				GCC_NO_COMMON_BLOCKS = YES;
				GCC_WARN_64_TO_32_BIT_CONVERSION = YES;
				GCC_WARN_ABOUT_RETURN_TYPE = YES_ERROR;
				GCC_WARN_UNDECLARED_SELECTOR = YES;
				GCC_WARN_UNINITIALIZED_AUTOS = YES_AGGRESSIVE;
				GCC_WARN_UNUSED_FUNCTION = YES;
				GCC_WARN_UNUSED_VARIABLE = YES;
				IPHONEOS_DEPLOYMENT_TARGET = 11.0;
				MTL_ENABLE_DEBUG_INFO = NO;
				SDKROOT = iphoneos;
				SWIFT_OPTIMIZATION_LEVEL = "-Owholemodule";
				VALIDATE_PRODUCT = YES;
			};
			name = Release;
		};
		117360E320DD51B100BA156C /* Debug */ = {
			isa = XCBuildConfiguration;
			baseConfigurationReference = 6DFD826295092EA0BFE38828 /* Pods-ProStudio.debug.xcconfig */;
			buildSettings = {
				ASSETCATALOG_COMPILER_APPICON_NAME = AppIcon;
				CODE_SIGN_STYLE = Manual;
				DEVELOPMENT_TEAM = 5UN8LZ7V2H;
				INFOPLIST_FILE = ProStudio/Info.plist;
				LD_RUNPATH_SEARCH_PATHS = "$(inherited) @executable_path/Frameworks";
				PRODUCT_BUNDLE_IDENTIFIER = DD.ProStudio;
				PRODUCT_NAME = "$(TARGET_NAME)";
				PROVISIONING_PROFILE_SPECIFIER = "ProStrudio-dev";
				SWIFT_VERSION = 4.0;
				TARGETED_DEVICE_FAMILY = "1,2";
			};
			name = Debug;
		};
		117360E420DD51B100BA156C /* Release */ = {
			isa = XCBuildConfiguration;
			baseConfigurationReference = BEF97739B9CBC7DC8B13DF69 /* Pods-ProStudio.release.xcconfig */;
			buildSettings = {
				ASSETCATALOG_COMPILER_APPICON_NAME = AppIcon;
				CODE_SIGN_IDENTITY = "iPhone Distribution";
				CODE_SIGN_STYLE = Manual;
				DEVELOPMENT_TEAM = 5UN8LZ7V2H;
				INFOPLIST_FILE = ProStudio/Info.plist;
				LD_RUNPATH_SEARCH_PATHS = "$(inherited) @executable_path/Frameworks";
				PRODUCT_BUNDLE_IDENTIFIER = DD.ProStudio;
				PRODUCT_NAME = "$(TARGET_NAME)";
				PROVISIONING_PROFILE_SPECIFIER = "ProStudio-adhoc";
				SWIFT_VERSION = 4.0;
				TARGETED_DEVICE_FAMILY = "1,2";
			};
			name = Release;
		};
		117360E620DD51B100BA156C /* Debug */ = {
			isa = XCBuildConfiguration;
			buildSettings = {
				ALWAYS_EMBED_SWIFT_STANDARD_LIBRARIES = YES;
				CODE_SIGN_STYLE = Automatic;
				INFOPLIST_FILE = ProStudioUITests/Info.plist;
				LD_RUNPATH_SEARCH_PATHS = "$(inherited) @executable_path/Frameworks @loader_path/Frameworks";
				PRODUCT_BUNDLE_IDENTIFIER = "App-sID.ProStudioUITests";
				PRODUCT_NAME = "$(TARGET_NAME)";
				SWIFT_VERSION = 4.0;
				TARGETED_DEVICE_FAMILY = "1,2";
				TEST_TARGET_NAME = ProStudio;
			};
			name = Debug;
		};
		117360E720DD51B100BA156C /* Release */ = {
			isa = XCBuildConfiguration;
			buildSettings = {
				ALWAYS_EMBED_SWIFT_STANDARD_LIBRARIES = YES;
				CODE_SIGN_STYLE = Automatic;
				INFOPLIST_FILE = ProStudioUITests/Info.plist;
				LD_RUNPATH_SEARCH_PATHS = "$(inherited) @executable_path/Frameworks @loader_path/Frameworks";
				PRODUCT_BUNDLE_IDENTIFIER = "App-sID.ProStudioUITests";
				PRODUCT_NAME = "$(TARGET_NAME)";
				SWIFT_VERSION = 4.0;
				TARGETED_DEVICE_FAMILY = "1,2";
				TEST_TARGET_NAME = ProStudio;
			};
			name = Release;
		};
/* End XCBuildConfiguration section */

/* Begin XCConfigurationList section */
		117360C020DD51B100BA156C /* Build configuration list for PBXProject "ProStudio" */ = {
			isa = XCConfigurationList;
			buildConfigurations = (
				117360E020DD51B100BA156C /* Debug */,
				117360E120DD51B100BA156C /* Release */,
			);
			defaultConfigurationIsVisible = 0;
			defaultConfigurationName = Release;
		};
		117360E220DD51B100BA156C /* Build configuration list for PBXNativeTarget "ProStudio" */ = {
			isa = XCConfigurationList;
			buildConfigurations = (
				117360E320DD51B100BA156C /* Debug */,
				117360E420DD51B100BA156C /* Release */,
			);
			defaultConfigurationIsVisible = 0;
			defaultConfigurationName = Release;
		};
		117360E520DD51B100BA156C /* Build configuration list for PBXNativeTarget "ProStudioUITests" */ = {
			isa = XCConfigurationList;
			buildConfigurations = (
				117360E620DD51B100BA156C /* Debug */,
				117360E720DD51B100BA156C /* Release */,
			);
			defaultConfigurationIsVisible = 0;
			defaultConfigurationName = Release;
		};
/* End XCConfigurationList section */
	};
	rootObject = 117360BD20DD51B100BA156C /* Project object */;
}
